
Microsoft Visual Studio Solution File, Format Version 12.00
# Visual Studio Version 16
VisualStudioVersion = 16.0.29509.3
MinimumVisualStudioVersion = 10.0.40219.1
Project("{FAE04EC0-301F-11D3-BF4B-00C04F79EFBC}") = "CSVHelperProject", "CSVHelperProject\CSVHelperProject.csproj", "{FC49A914-2F2D-4F9F-8A7C-93895B7F2502}"
EndProject
Global
	GlobalSection(SolutionConfigurationPlatforms) = preSolution
		Debug|Any CPU = Debug|Any CPU
		Release|Any CPU = Release|Any CPU
	EndGlobalSection
	GlobalSection(ProjectConfigurationPlatforms) = postSolution
		{FC49A914-2F2D-4F9F-8A7C-93895B7F2502}.Debug|Any CPU.ActiveCfg = Debug|Any CPU
		{FC49A914-2F2D-4F9F-8A7C-93895B7F2502}.Debug|Any CPU.Build.0 = Debug|Any CPU
		{FC49A914-2F2D-4F9F-8A7C-93895B7F2502}.Release|Any CPU.ActiveCfg = Release|Any CPU
		{FC49A914-2F2D-4F9F-8A7C-93895B7F2502}.Release|Any CPU.Build.0 = Release|Any CPU
	EndGlobalSection
	GlobalSection(SolutionProperties) = preSolution
		HideSolutionNode = FALSE
	EndGlobalSection
	GlobalSection(ExtensibilityGlobals) = postSolution
		SolutionGuid = {309ACA75-E79C-47C6-A3A3-2DA59E3CDA82}
	EndGlobalSection
EndGlobal
